{
    "_meta": {
        "hash": {
            "sha256": "154f9ddf24bfe2134a1660c1fdf2087e03cdd172d425198536fbb29ca5ddc6e4"
        },
        "pipfile-spec": 6,
        "requires": {
            "python_version": "3.6"
        },
        "sources": [
            {
                "name": "pypi",
                "url": "https://pypi.org/simple",
                "verify_ssl": true
            }
        ]
    },
    "default": {
        "configparser": {
            "hashes": [
                "sha256:254c1d9c79f60c45dfde850850883d5aaa7f19a23f13561243a050d5a7c3fe4c",
                "sha256:c7d282687a5308319bf3d2e7706e575c635b0a470342641c93bea0ea3b5331df"
            ],
            "index": "pypi",
            "version": "==4.0.2"
        }
    },
    "develop": {}
}
